
Microsoft Visual Studio Solution File, Format Version 12.00
# Visual Studio 15
VisualStudioVersion = 15.0.28010.2041
MinimumVisualStudioVersion = 10.0.40219.1
Project("{FAE04EC0-301F-11D3-BF4B-00C04F79EFBC}") = "5", "5\5.csproj", "{231A4D8C-F6A5-43B2-87DD-0911B06C1A62}"
EndProject
Global
	GlobalSection(SolutionConfigurationPlatforms) = preSolution
		Debug|Any CPU = Debug|Any CPU
		Release|Any CPU = Release|Any CPU
	EndGlobalSection
	GlobalSection(ProjectConfigurationPlatforms) = postSolution
		{231A4D8C-F6A5-43B2-87DD-0911B06C1A62}.Debug|Any CPU.ActiveCfg = Debug|Any CPU
		{231A4D8C-F6A5-43B2-87DD-0911B06C1A62}.Debug|Any CPU.Build.0 = Debug|Any CPU
		{231A4D8C-F6A5-43B2-87DD-0911B06C1A62}.Release|Any CPU.ActiveCfg = Release|Any CPU
		{231A4D8C-F6A5-43B2-87DD-0911B06C1A62}.Release|Any CPU.Build.0 = Release|Any CPU
	EndGlobalSection
	GlobalSection(SolutionProperties) = preSolution
		HideSolutionNode = FALSE
	EndGlobalSection
	GlobalSection(ExtensibilityGlobals) = postSolution
		SolutionGuid = {2562DF40-A595-4B96-9A69-2C9C41784908}
	EndGlobalSection
EndGlobal
