
Microsoft Visual Studio Solution File, Format Version 12.00
# Visual Studio 15
VisualStudioVersion = 15.0.28010.2041
MinimumVisualStudioVersion = 10.0.40219.1
Project("{FAE04EC0-301F-11D3-BF4B-00C04F79EFBC}") = "3", "3\3.csproj", "{07BC4C9B-DF49-4D3D-8753-37861BA2AF59}"
EndProject
Global
	GlobalSection(SolutionConfigurationPlatforms) = preSolution
		Debug|Any CPU = Debug|Any CPU
		Release|Any CPU = Release|Any CPU
	EndGlobalSection
	GlobalSection(ProjectConfigurationPlatforms) = postSolution
		{07BC4C9B-DF49-4D3D-8753-37861BA2AF59}.Debug|Any CPU.ActiveCfg = Debug|Any CPU
		{07BC4C9B-DF49-4D3D-8753-37861BA2AF59}.Debug|Any CPU.Build.0 = Debug|Any CPU
		{07BC4C9B-DF49-4D3D-8753-37861BA2AF59}.Release|Any CPU.ActiveCfg = Release|Any CPU
		{07BC4C9B-DF49-4D3D-8753-37861BA2AF59}.Release|Any CPU.Build.0 = Release|Any CPU
	EndGlobalSection
	GlobalSection(SolutionProperties) = preSolution
		HideSolutionNode = FALSE
	EndGlobalSection
	GlobalSection(ExtensibilityGlobals) = postSolution
		SolutionGuid = {F0085669-0333-4844-BB35-9078B6CE4FC1}
	EndGlobalSection
EndGlobal
